{
  "name": "react-movie-labs",
  "lockfileVersion": 3,
  "requires": true,
  "packages": {
    "": {
      "dependencies": {
        "@tanstack/react-query": "^5.66.11"
      },
      "devDependencies": {
        "@tanstack/react-query-devtools": "^5.66.11"
      }
    },
    "node_modules/@tanstack/query-core": {
      "version": "5.66.11",
      "resolved": "https://registry.npmjs.org/@tanstack/query-core/-/query-core-5.66.11.tgz",
      "integrity": "sha512-ZEYxgHUcohj3sHkbRaw0gYwFxjY5O6M3IXOYXEun7E1rqNhsP8fOtqjJTKPZpVHcdIdrmX4lzZctT4+pts0OgA==",
      "license": "MIT",
      "funding": {
        "type": "github",
        "url": "https://github.com/sponsors/tannerlinsley"
      }
    },
    "node_modules/@tanstack/query-devtools": {
      "version": "5.65.0",
      "resolved": "https://registry.npmjs.org/@tanstack/query-devtools/-/query-devtools-5.65.0.tgz",
      "integrity": "sha512-g5y7zc07U9D3esMdqUfTEVu9kMHoIaVBsD0+M3LPdAdD710RpTcLiNvJY1JkYXqkq9+NV+CQoemVNpQPBXVsJg==",
      "dev": true,
      "license": "MIT",
      "funding": {
        "type": "github",
        "url": "https://github.com/sponsors/tannerlinsley"
      }
    },
    "node_modules/@tanstack/react-query": {
      "version": "5.66.11",
      "resolved": "https://registry.npmjs.org/@tanstack/react-query/-/react-query-5.66.11.tgz",
      "integrity": "sha512-uPDiQbZScWkAeihmZ9gAm3wOBA1TmLB1KCB1fJ1hIiEKq3dTT+ja/aYM7wGUD+XiEsY4sDSE7p8VIz/21L2Dow==",
      "license": "MIT",
      "dependencies": {
        "@tanstack/query-core": "5.66.11"
      },
      "funding": {
        "type": "github",
        "url": "https://github.com/sponsors/tannerlinsley"
      },
      "peerDependencies": {
        "react": "^18 || ^19"
      }
    },
    "node_modules/@tanstack/react-query-devtools": {
      "version": "5.66.11",
      "resolved": "https://registry.npmjs.org/@tanstack/react-query-devtools/-/react-query-devtools-5.66.11.tgz",
      "integrity": "sha512-a+zr2TN4dKpxVlJ9YBOC5YmpGWp2Ez2ZfIzsorVbrs/u2R+bVkLrU1u5e8WHzLdf6tXYueATqgeXWLHrvi4Dig==",
      "dev": true,
      "license": "MIT",
      "dependencies": {
        "@tanstack/query-devtools": "5.65.0"
      },
      "funding": {
        "type": "github",
        "url": "https://github.com/sponsors/tannerlinsley"
      },
      "peerDependencies": {
        "@tanstack/react-query": "^5.66.11",
        "react": "^18 || ^19"
      }
    },
    "node_modules/react": {
      "version": "19.0.0",
      "resolved": "https://registry.npmjs.org/react/-/react-19.0.0.tgz",
      "integrity": "sha512-V8AVnmPIICiWpGfm6GLzCR/W5FXLchHop40W4nXBmdlEceh16rCN8O8LNWm5bh5XUX91fh7KpA+W0TgMKmgTpQ==",
      "license": "MIT",
      "peer": true,
      "engines": {
        "node": ">=0.10.0"
      }
    }
  }
}
